
Microsoft Visual Studio Solution File, Format Version 12.00
# Visual Studio Version 17
VisualStudioVersion = 17.14.36301.6 d17.14
MinimumVisualStudioVersion = 10.0.40219.1
Project("{54A90642-561A-4BB1-A94E-469ADEE60C69}") = "healthcheck.client", "healthcheck.client\healthcheck.client.esproj", "{6470DBF7-9F7B-0B39-DAB4-2B42CEEB3D78}"
EndProject
Project("{FAE04EC0-301F-11D3-BF4B-00C04F79EFBC}") = "HealthCheck.Server", "HealthCheck.Server\HealthCheck.Server.csproj", "{792BB44A-AABD-4803-A7F6-F459E4DB14FE}"
EndProject
Global
	GlobalSection(SolutionConfigurationPlatforms) = preSolution
		Debug|Any CPU = Debug|Any CPU
		Release|Any CPU = Release|Any CPU
	EndGlobalSection
	GlobalSection(ProjectConfigurationPlatforms) = postSolution
		{6470DBF7-9F7B-0B39-DAB4-2B42CEEB3D78}.Debug|Any CPU.ActiveCfg = Debug|Any CPU
		{6470DBF7-9F7B-0B39-DAB4-2B42CEEB3D78}.Debug|Any CPU.Build.0 = Debug|Any CPU
		{6470DBF7-9F7B-0B39-DAB4-2B42CEEB3D78}.Debug|Any CPU.Deploy.0 = Debug|Any CPU
		{6470DBF7-9F7B-0B39-DAB4-2B42CEEB3D78}.Release|Any CPU.ActiveCfg = Release|Any CPU
		{6470DBF7-9F7B-0B39-DAB4-2B42CEEB3D78}.Release|Any CPU.Build.0 = Release|Any CPU
		{6470DBF7-9F7B-0B39-DAB4-2B42CEEB3D78}.Release|Any CPU.Deploy.0 = Release|Any CPU
		{792BB44A-AABD-4803-A7F6-F459E4DB14FE}.Debug|Any CPU.ActiveCfg = Debug|Any CPU
		{792BB44A-AABD-4803-A7F6-F459E4DB14FE}.Debug|Any CPU.Build.0 = Debug|Any CPU
		{792BB44A-AABD-4803-A7F6-F459E4DB14FE}.Release|Any CPU.ActiveCfg = Release|Any CPU
		{792BB44A-AABD-4803-A7F6-F459E4DB14FE}.Release|Any CPU.Build.0 = Release|Any CPU
	EndGlobalSection
	GlobalSection(SolutionProperties) = preSolution
		HideSolutionNode = FALSE
	EndGlobalSection
	GlobalSection(ExtensibilityGlobals) = postSolution
		SolutionGuid = {9EC2B0A9-F825-469A-B3BA-AF129A77719B}
	EndGlobalSection
EndGlobal
